
Microsoft Visual Studio Solution File, Format Version 12.00
# Visual Studio Version 16
VisualStudioVersion = 16.0.31911.196
MinimumVisualStudioVersion = 10.0.40219.1
Project("{FAE04EC0-301F-11D3-BF4B-00C04F79EFBC}") = "WpfProjectConvertExcelFile", "WpfProjectConvertExcelFile\WpfProjectConvertExcelFile.csproj", "{C412A047-C794-42A3-B91E-1EF708FDF6BF}"
EndProject
Project("{FAE04EC0-301F-11D3-BF4B-00C04F79EFBC}") = "ModuleConvertExcelFile", "ModuleConvertExcelFile\ModuleConvertExcelFile.csproj", "{5DF8D2A8-5FC1-4CA0-BE41-FDA8E25479BD}"
EndProject
Global
	GlobalSection(SolutionConfigurationPlatforms) = preSolution
		Debug|Any CPU = Debug|Any CPU
		Release|Any CPU = Release|Any CPU
	EndGlobalSection
	GlobalSection(ProjectConfigurationPlatforms) = postSolution
		{C412A047-C794-42A3-B91E-1EF708FDF6BF}.Debug|Any CPU.ActiveCfg = Debug|Any CPU
		{C412A047-C794-42A3-B91E-1EF708FDF6BF}.Debug|Any CPU.Build.0 = Debug|Any CPU
		{C412A047-C794-42A3-B91E-1EF708FDF6BF}.Release|Any CPU.ActiveCfg = Release|Any CPU
		{C412A047-C794-42A3-B91E-1EF708FDF6BF}.Release|Any CPU.Build.0 = Release|Any CPU
		{5DF8D2A8-5FC1-4CA0-BE41-FDA8E25479BD}.Debug|Any CPU.ActiveCfg = Debug|Any CPU
		{5DF8D2A8-5FC1-4CA0-BE41-FDA8E25479BD}.Debug|Any CPU.Build.0 = Debug|Any CPU
		{5DF8D2A8-5FC1-4CA0-BE41-FDA8E25479BD}.Release|Any CPU.ActiveCfg = Release|Any CPU
		{5DF8D2A8-5FC1-4CA0-BE41-FDA8E25479BD}.Release|Any CPU.Build.0 = Release|Any CPU
	EndGlobalSection
	GlobalSection(SolutionProperties) = preSolution
		HideSolutionNode = FALSE
	EndGlobalSection
	GlobalSection(ExtensibilityGlobals) = postSolution
		SolutionGuid = {2F76F8E0-20AF-4FF0-B6B5-0897D5618AD4}
	EndGlobalSection
EndGlobal
